
Microsoft Visual Studio Solution File, Format Version 12.00
# Visual Studio 15
VisualStudioVersion = 15.0.28010.2048
MinimumVisualStudioVersion = 10.0.40219.1
Project("{2150E333-8FDC-42A3-9474-1A3956D46DE8}") = "Behavioral", "Behavioral", "{4A9534B5-CEB3-4F18-8EF0-18DCF27DB42A}"
EndProject
Project("{FAE04EC0-301F-11D3-BF4B-00C04F79EFBC}") = "StrategyPattern", "StrategyPattern\StrategyPattern.csproj", "{8F0F8685-915A-4B6A-8BEB-1FCE20E61BCA}"
EndProject
Global
	GlobalSection(SolutionConfigurationPlatforms) = preSolution
		Debug|Any CPU = Debug|Any CPU
		Release|Any CPU = Release|Any CPU
	EndGlobalSection
	GlobalSection(ProjectConfigurationPlatforms) = postSolution
		{8F0F8685-915A-4B6A-8BEB-1FCE20E61BCA}.Debug|Any CPU.ActiveCfg = Debug|Any CPU
		{8F0F8685-915A-4B6A-8BEB-1FCE20E61BCA}.Debug|Any CPU.Build.0 = Debug|Any CPU
		{8F0F8685-915A-4B6A-8BEB-1FCE20E61BCA}.Release|Any CPU.ActiveCfg = Release|Any CPU
		{8F0F8685-915A-4B6A-8BEB-1FCE20E61BCA}.Release|Any CPU.Build.0 = Release|Any CPU
	EndGlobalSection
	GlobalSection(SolutionProperties) = preSolution
		HideSolutionNode = FALSE
	EndGlobalSection
	GlobalSection(NestedProjects) = preSolution
		{8F0F8685-915A-4B6A-8BEB-1FCE20E61BCA} = {4A9534B5-CEB3-4F18-8EF0-18DCF27DB42A}
	EndGlobalSection
	GlobalSection(ExtensibilityGlobals) = postSolution
		SolutionGuid = {E7C4DED1-8C86-417F-A621-1DA650D5AC3F}
	EndGlobalSection
EndGlobal
